
Microsoft Visual Studio Solution File, Format Version 12.00
# Visual Studio Version 17
VisualStudioVersion = 17.10.34916.146
MinimumVisualStudioVersion = 10.0.40219.1
Project("{9A19103F-16F7-4668-BE54-9A1E7A4F7556}") = "Spark.EquipTests.Desktop", "Spark.EquipTests.Desktop\Spark.EquipTests.Desktop.csproj", "{BF51C3A9-C4B8-4EF5-A4B0-3A18E4728E34}"
EndProject
Global
	GlobalSection(SolutionConfigurationPlatforms) = preSolution
		Debug|Any CPU = Debug|Any CPU
		Release|Any CPU = Release|Any CPU
	EndGlobalSection
	GlobalSection(ProjectConfigurationPlatforms) = postSolution
		{BF51C3A9-C4B8-4EF5-A4B0-3A18E4728E34}.Debug|Any CPU.ActiveCfg = Debug|Any CPU
		{BF51C3A9-C4B8-4EF5-A4B0-3A18E4728E34}.Debug|Any CPU.Build.0 = Debug|Any CPU
		{BF51C3A9-C4B8-4EF5-A4B0-3A18E4728E34}.Release|Any CPU.ActiveCfg = Release|Any CPU
		{BF51C3A9-C4B8-4EF5-A4B0-3A18E4728E34}.Release|Any CPU.Build.0 = Release|Any CPU
	EndGlobalSection
	GlobalSection(SolutionProperties) = preSolution
		HideSolutionNode = FALSE
	EndGlobalSection
	GlobalSection(ExtensibilityGlobals) = postSolution
		SolutionGuid = {C4035638-300E-440F-B512-665B39CCEC26}
	EndGlobalSection
EndGlobal
